# This file is generated by running "yarn install" inside your project.
# Manual changes might be lost - proceed with caution!

__metadata:
  version: 8
  cacheKey: 10c0

"jgrowl@npm:^1.4":
  version: 1.5.1
  resolution: "jgrowl@npm:1.5.1"
  peerDependencies:
    jquery: ">= 2.1.0 < 4.0.0"
  checksum: 10c0/f692847cf1b4315ea8c53fb7caabf7fd1a3a00f5e9ce9d82c09f8044d57b82ce1475b32add93565fbe00cfbe4b2bd5c299f07f373c2a06b1c4a681c42dca74d0
  languageName: node
  linkType: hard

"marktic-cms@workspace:.":
  version: 0.0.0-use.local
  resolution: "marktic-cms@workspace:."
  dependencies:
    jgrowl: "npm:^1.4"
    sortablejs: "npm:^1.15.6"
  languageName: unknown
  linkType: soft

"sortablejs@npm:^1.15.6":
  version: 1.15.6
  resolution: "sortablejs@npm:1.15.6"
  checksum: 10c0/a75dcf53e5613b4106d46434e40114830f9c6449b3b439bc1925c1fbf0a0c1f044727a8f3d4ae1759fa7beaa33e7eb0c4a413e6aa88d6026577b59f3658ff727
  languageName: node
  linkType: hard
